
Microsoft Visual Studio Solution File, Format Version 12.00
# Visual Studio Version 17
VisualStudioVersion = 17.9.34902.65
MinimumVisualStudioVersion = 10.0.40219.1
Project("{FAE04EC0-301F-11D3-BF4B-00C04F79EFBC}") = "BlogSecurity", "BlogSecurity\BlogSecurity.csproj", "{EE89A0E2-DB8D-48A7-B64F-247A0FC7EE87}"
EndProject
Global
	GlobalSection(SolutionConfigurationPlatforms) = preSolution
		Debug|Any CPU = Debug|Any CPU
		Release|Any CPU = Release|Any CPU
	EndGlobalSection
	GlobalSection(ProjectConfigurationPlatforms) = postSolution
		{EE89A0E2-DB8D-48A7-B64F-247A0FC7EE87}.Debug|Any CPU.ActiveCfg = Debug|Any CPU
		{EE89A0E2-DB8D-48A7-B64F-247A0FC7EE87}.Debug|Any CPU.Build.0 = Debug|Any CPU
		{EE89A0E2-DB8D-48A7-B64F-247A0FC7EE87}.Release|Any CPU.ActiveCfg = Release|Any CPU
		{EE89A0E2-DB8D-48A7-B64F-247A0FC7EE87}.Release|Any CPU.Build.0 = Release|Any CPU
	EndGlobalSection
	GlobalSection(SolutionProperties) = preSolution
		HideSolutionNode = FALSE
	EndGlobalSection
	GlobalSection(ExtensibilityGlobals) = postSolution
		SolutionGuid = {A1CE756D-8F18-4137-9E58-1F018BD406C1}
	EndGlobalSection
EndGlobal
